{
  "name": "@scrabble-solver/dictionaries",
  "version": "2.13.5-alpha.6",
  "lockfileVersion": 3,
  "requires": true,
  "packages": {
    "": {
      "name": "@scrabble-solver/dictionaries",
      "version": "2.13.5-alpha.6",
      "license": "CC-BY-NC-ND-4.0",
      "dependencies": {
        "@kamilmielnik/trie": "^3.0.0"
      },
      "bin": {
        "remove-dictionaries": "bin/remove-dictionaries.js",
        "update-dictionaries": "bin/update-dictionaries.js"
      }
    },
    "node_modules/@kamilmielnik/trie": {
      "version": "2.0.1",
      "resolved": "https://registry.npmjs.org/@kamilmielnik/trie/-/trie-2.0.1.tgz",
      "integrity": "sha512-6Ulw5/xgFRadHsx0uVnpOxB2E2ZO2osnaakI26yS3RMlww580JiaQEfXUmQjXZcmOjcO+HrZ0CWjRDhoDYKHbg==",
      "engines": {
        "node": ">=16"
      }
    }
  }
}