{
	"name": "@scrabble-solver/dictionaries",
	"version": "2.4.6",
	"lockfileVersion": 1,
	"requires": true,
	"dependencies": {
		"@kamilmielnik/trie": {
			"version": "1.0.3",
			"resolved": "https://registry.npmjs.org/@kamilmielnik/trie/-/trie-1.0.3.tgz",
			"integrity": "sha512-xIGglzz91BwfudrsNoxX0nRlfUrGu7Y9QxJ5RnrapLGZAer02CiVayBP00gndpkP3xjmueI9l49xb4W3JgcLXA=="
		}
	}
}
