{
  "name": "@scrabble-solver/dictionaries",
  "version": "2.11.3",
  "lockfileVersion": 2,
  "requires": true,
  "packages": {
    "": {
      "name": "@scrabble-solver/dictionaries",
      "version": "2.11.3",
      "license": "CC-BY-NC-ND-4.0",
      "dependencies": {
        "@kamilmielnik/trie": "^2.0.1",
        "untildify": "^4.0.0"
      },
      "bin": {
        "remove-dictionaries": "bin/remove-dictionaries.js",
        "update-dictionaries": "bin/update-dictionaries.js"
      }
    },
    "node_modules/@kamilmielnik/trie": {
      "version": "2.0.1",
      "resolved": "https://registry.npmjs.org/@kamilmielnik/trie/-/trie-2.0.1.tgz",
      "integrity": "sha512-6Ulw5/xgFRadHsx0uVnpOxB2E2ZO2osnaakI26yS3RMlww580JiaQEfXUmQjXZcmOjcO+HrZ0CWjRDhoDYKHbg==",
      "engines": {
        "node": ">=16"
      }
    },
    "node_modules/untildify": {
      "version": "4.0.0",
      "resolved": "https://registry.npmjs.org/untildify/-/untildify-4.0.0.tgz",
      "integrity": "sha512-KK8xQ1mkzZeg9inewmFVDNkg3l5LUhoq9kN6iWYB/CC9YMG8HA+c1Q8HwDe6dEX7kErrEVNVBO3fWsVq5iDgtw==",
      "engines": {
        "node": ">=8"
      }
    }
  },
  "dependencies": {
    "@kamilmielnik/trie": {
      "version": "2.0.1",
      "resolved": "https://registry.npmjs.org/@kamilmielnik/trie/-/trie-2.0.1.tgz",
      "integrity": "sha512-6Ulw5/xgFRadHsx0uVnpOxB2E2ZO2osnaakI26yS3RMlww580JiaQEfXUmQjXZcmOjcO+HrZ0CWjRDhoDYKHbg=="
    },
    "untildify": {
      "version": "4.0.0",
      "resolved": "https://registry.npmjs.org/untildify/-/untildify-4.0.0.tgz",
      "integrity": "sha512-KK8xQ1mkzZeg9inewmFVDNkg3l5LUhoq9kN6iWYB/CC9YMG8HA+c1Q8HwDe6dEX7kErrEVNVBO3fWsVq5iDgtw=="
    }
  }
}
