{
  "name": "@scrabble-solver/solver",
  "version": "2.8.8",
  "lockfileVersion": 2,
  "requires": true,
  "packages": {
    "": {
      "name": "@scrabble-solver/solver",
      "version": "2.8.8",
      "license": "CC-BY-NC-ND-4.0",
      "dependencies": {
        "@kamilmielnik/trie": "^2.0.0"
      }
    },
    "node_modules/@kamilmielnik/trie": {
      "version": "2.0.0",
      "resolved": "https://registry.npmjs.org/@kamilmielnik/trie/-/trie-2.0.0.tgz",
      "integrity": "sha512-YWTYtrV97bQ5hRifG1FImP47PI400a56O8+oQClQOtDjY3tioxab4sOgFHckiDdswciN1RwngCZ9Kv3phJfSuA==",
      "engines": {
        "node": ">=16"
      }
    }
  },
  "dependencies": {
    "@kamilmielnik/trie": {
      "version": "2.0.0",
      "resolved": "https://registry.npmjs.org/@kamilmielnik/trie/-/trie-2.0.0.tgz",
      "integrity": "sha512-YWTYtrV97bQ5hRifG1FImP47PI400a56O8+oQClQOtDjY3tioxab4sOgFHckiDdswciN1RwngCZ9Kv3phJfSuA=="
    }
  }
}
