{
	"name": "@scrabble-solver/solver",
	"version": "2.3.0",
	"lockfileVersion": 1,
	"requires": true,
	"dependencies": {
		"@kamilmielnik/trie": {
			"version": "1.0.3",
			"resolved": "https://registry.npmjs.org/@kamilmielnik/trie/-/trie-1.0.3.tgz",
			"integrity": "sha512-xIGglzz91BwfudrsNoxX0nRlfUrGu7Y9QxJ5RnrapLGZAer02CiVayBP00gndpkP3xjmueI9l49xb4W3JgcLXA=="
		},
		"@types/lodash": {
			"version": "4.14.168",
			"resolved": "https://registry.npmjs.org/@types/lodash/-/lodash-4.14.168.tgz",
			"integrity": "sha512-oVfRvqHV/V6D1yifJbVRU3TMp8OT6o6BG+U9MkwuJ3U8/CsDHvalRpsxBqivn71ztOFZBTfJMvETbqHiaNSj7Q==",
			"dev": true
		},
		"lodash": {
			"version": "4.17.20",
			"resolved": "https://registry.npmjs.org/lodash/-/lodash-4.17.20.tgz",
			"integrity": "sha512-PlhdFcillOINfeV7Ni6oF1TAEayyZBoZ8bcshTHqOYJYlrqzRK5hagpagky5o4HfCzzd1TRkXPMFq6cKk9rGmA=="
		}
	}
}
