{
  "name": "@scrabble-solver/configs",
  "version": "2.10.8",
  "lockfileVersion": 2,
  "requires": true,
  "packages": {
    "": {
      "name": "@scrabble-solver/configs",
      "version": "2.10.8",
      "license": "CC-BY-NC-ND-4.0",
      "dependencies": {
        "@scrabble-solver/constants": "^2.10.8",
        "@scrabble-solver/types": "^2.10.8"
      }
    },
    "node_modules/@scrabble-solver/constants": {
      "version": "2.10.1",
      "resolved": "https://registry.npmjs.org/@scrabble-solver/constants/-/constants-2.10.1.tgz",
      "integrity": "sha512-XrLcJQREt1OHHA1VY+/8mS9avJCcS0jaXKmUABxQCPpBOZMD39G4E/0ebgwp4uNjxogIYZccRQXG2olYSZukwA=="
    },
    "node_modules/@scrabble-solver/types": {
      "version": "2.10.1",
      "resolved": "https://registry.npmjs.org/@scrabble-solver/types/-/types-2.10.1.tgz",
      "integrity": "sha512-hW9BdnzxJPTDKf98wXV2nLY/qlZBUpwq7dhFO4rNbm6dZ1zJhe6wr1oifuMDY5T4CkXDYQN4dsqoqd9y9pzXHA==",
      "dependencies": {
        "@scrabble-solver/constants": "^2.10.1"
      }
    }
  },
  "dependencies": {
    "@scrabble-solver/constants": {
      "version": "2.10.1",
      "resolved": "https://registry.npmjs.org/@scrabble-solver/constants/-/constants-2.10.1.tgz",
      "integrity": "sha512-XrLcJQREt1OHHA1VY+/8mS9avJCcS0jaXKmUABxQCPpBOZMD39G4E/0ebgwp4uNjxogIYZccRQXG2olYSZukwA=="
    },
    "@scrabble-solver/types": {
      "version": "2.10.1",
      "resolved": "https://registry.npmjs.org/@scrabble-solver/types/-/types-2.10.1.tgz",
      "integrity": "sha512-hW9BdnzxJPTDKf98wXV2nLY/qlZBUpwq7dhFO4rNbm6dZ1zJhe6wr1oifuMDY5T4CkXDYQN4dsqoqd9y9pzXHA==",
      "requires": {
        "@scrabble-solver/constants": "^2.10.1"
      }
    }
  }
}
