{
  "name": "@scrabble-solver/configs",
  "version": "2.10.10",
  "lockfileVersion": 2,
  "requires": true,
  "packages": {
    "": {
      "name": "@scrabble-solver/configs",
      "version": "2.10.10",
      "license": "CC-BY-NC-ND-4.0",
      "dependencies": {
        "@scrabble-solver/constants": "^2.10.10",
        "@scrabble-solver/types": "^2.10.10"
      }
    },
    "../constants": {
      "name": "@scrabble-solver/constants",
      "version": "2.10.9",
      "license": "CC-BY-NC-ND-4.0"
    },
    "../types": {
      "name": "@scrabble-solver/types",
      "version": "2.10.9",
      "license": "CC-BY-NC-ND-4.0",
      "dependencies": {
        "@scrabble-solver/constants": "^2.10.9"
      }
    },
    "../types/node_modules/@scrabble-solver/constants": {
      "resolved": "../constants",
      "link": true
    },
    "node_modules/@scrabble-solver/constants": {
      "resolved": "../constants",
      "link": true
    },
    "node_modules/@scrabble-solver/types": {
      "resolved": "../types",
      "link": true
    }
  },
  "dependencies": {
    "@scrabble-solver/constants": {
      "version": "file:../constants"
    },
    "@scrabble-solver/types": {
      "version": "file:../types",
      "requires": {
        "@scrabble-solver/constants": "^2.10.9"
      },
      "dependencies": {
        "@scrabble-solver/constants": {
          "version": "file:../constants"
        }
      }
    }
  }
}
